
Microsoft Visual Studio Solution File, Format Version 12.00
Project("{2150E333-8FDC-42A3-9474-1A3956D46DE8}") = "src", "src", "{554F8DCA-46F7-4446-98A9-FD295996592B}"
EndProject
Project("{FAE04EC0-301F-11D3-BF4B-00C04F79EFBC}") = "AnilShop.Users", "AnilShop.Users\AnilShop.Users.csproj", "{651676A8-5541-414C-840D-052FDF8942CB}"
EndProject
Project("{FAE04EC0-301F-11D3-BF4B-00C04F79EFBC}") = "AnilShop.Users.Contracts", "AnilShop.Users.Contracts\AnilShop.Users.Contracts.csproj", "{D27649D0-F315-4C7B-BC50-FA6E558DA472}"
EndProject
Project("{FAE04EC0-301F-11D3-BF4B-00C04F79EFBC}") = "AnilShop.SharedKernel", "AnilShop.SharedKernel\AnilShop.SharedKernel.csproj", "{FF24D00B-F8EE-4D18-BFDE-82FB9A4707B2}"
EndProject
Project("{FAE04EC0-301F-11D3-BF4B-00C04F79EFBC}") = "AnilShop.Reporting", "AnilShop.Reporting\AnilShop.Reporting.csproj", "{B70F9D79-5F1C-401C-A3E5-E4D674E35623}"
EndProject
Project("{FAE04EC0-301F-11D3-BF4B-00C04F79EFBC}") = "AnilShop.OrderProcessing", "AnilShop.OrderProcessing\AnilShop.OrderProcessing.csproj", "{4540A4C3-DCED-46C8-9F42-B3FCFF048A71}"
EndProject
Project("{FAE04EC0-301F-11D3-BF4B-00C04F79EFBC}") = "AnilShop.EmailSending", "AnilShop.EmailSending\AnilShop.EmailSending.csproj", "{0A92151B-A322-4537-8386-697BDF5FB6E6}"
EndProject
Project("{FAE04EC0-301F-11D3-BF4B-00C04F79EFBC}") = "AnilShop.EmailSending.Conracts", "AnilShop.EmailSending.Conracts\AnilShop.EmailSending.Conracts.csproj", "{6B170631-41DC-4F20-B2CD-24AE69CDCA9A}"
EndProject
Project("{FAE04EC0-301F-11D3-BF4B-00C04F79EFBC}") = "AnilShop.Products", "AnilShop.Products\AnilShop.Products.csproj", "{5FEDE713-4278-4E20-9BBA-DCDEFEB8558A}"
EndProject
Project("{FAE04EC0-301F-11D3-BF4B-00C04F79EFBC}") = "AnilShop.Products.Contracts", "AnilShop.Products.Contracts\AnilShop.Products.Contracts.csproj", "{A7427BD6-1FD7-4CFC-A1E3-75D76E6EC8ED}"
EndProject
Project("{FAE04EC0-301F-11D3-BF4B-00C04F79EFBC}") = "AnilShop.OrderProcessing.Contracts", "AnilShop.OrderProcessing.Contracts\AnilShop.OrderProcessing.Contracts.csproj", "{2FD11F58-C0AE-4E94-9F04-09E2832B5A77}"
EndProject
Project("{FAE04EC0-301F-11D3-BF4B-00C04F79EFBC}") = "AnilShop.Api", "AnilShop.Api\AnilShop.Api.csproj", "{5C02C56A-1CAC-4743-B26E-EFAA82A074E7}"
EndProject
Project("{2150E333-8FDC-42A3-9474-1A3956D46DE8}") = "Products Module", "Products Module", "{A2C03606-F9E8-4398-8C8E-2A1E6F8730A7}"
EndProject
Project("{2150E333-8FDC-42A3-9474-1A3956D46DE8}") = "Users Module", "Users Module", "{A8104995-2195-4541-8BA9-0D961585ADF6}"
EndProject
Project("{2150E333-8FDC-42A3-9474-1A3956D46DE8}") = "Email Sending Module", "Email Sending Module", "{8F49A545-6F54-4F05-BD5D-0CA1C0FBE732}"
EndProject
Project("{2150E333-8FDC-42A3-9474-1A3956D46DE8}") = "Order Processing Module", "Order Processing Module", "{638ABB67-D66F-494C-99A1-732C041767AF}"
EndProject
Global
	GlobalSection(SolutionConfigurationPlatforms) = preSolution
		Debug|Any CPU = Debug|Any CPU
		Release|Any CPU = Release|Any CPU
	EndGlobalSection
	GlobalSection(NestedProjects) = preSolution
		{FF24D00B-F8EE-4D18-BFDE-82FB9A4707B2} = {554F8DCA-46F7-4446-98A9-FD295996592B}
		{B70F9D79-5F1C-401C-A3E5-E4D674E35623} = {554F8DCA-46F7-4446-98A9-FD295996592B}
		{5C02C56A-1CAC-4743-B26E-EFAA82A074E7} = {554F8DCA-46F7-4446-98A9-FD295996592B}
		{A2C03606-F9E8-4398-8C8E-2A1E6F8730A7} = {554F8DCA-46F7-4446-98A9-FD295996592B}
		{A7427BD6-1FD7-4CFC-A1E3-75D76E6EC8ED} = {A2C03606-F9E8-4398-8C8E-2A1E6F8730A7}
		{5FEDE713-4278-4E20-9BBA-DCDEFEB8558A} = {A2C03606-F9E8-4398-8C8E-2A1E6F8730A7}
		{A8104995-2195-4541-8BA9-0D961585ADF6} = {554F8DCA-46F7-4446-98A9-FD295996592B}
		{651676A8-5541-414C-840D-052FDF8942CB} = {A8104995-2195-4541-8BA9-0D961585ADF6}
		{D27649D0-F315-4C7B-BC50-FA6E558DA472} = {A8104995-2195-4541-8BA9-0D961585ADF6}
		{8F49A545-6F54-4F05-BD5D-0CA1C0FBE732} = {554F8DCA-46F7-4446-98A9-FD295996592B}
		{6B170631-41DC-4F20-B2CD-24AE69CDCA9A} = {8F49A545-6F54-4F05-BD5D-0CA1C0FBE732}
		{0A92151B-A322-4537-8386-697BDF5FB6E6} = {8F49A545-6F54-4F05-BD5D-0CA1C0FBE732}
		{638ABB67-D66F-494C-99A1-732C041767AF} = {554F8DCA-46F7-4446-98A9-FD295996592B}
		{2FD11F58-C0AE-4E94-9F04-09E2832B5A77} = {638ABB67-D66F-494C-99A1-732C041767AF}
		{4540A4C3-DCED-46C8-9F42-B3FCFF048A71} = {638ABB67-D66F-494C-99A1-732C041767AF}
	EndGlobalSection
	GlobalSection(ProjectConfigurationPlatforms) = postSolution
		{651676A8-5541-414C-840D-052FDF8942CB}.Debug|Any CPU.ActiveCfg = Debug|Any CPU
		{651676A8-5541-414C-840D-052FDF8942CB}.Debug|Any CPU.Build.0 = Debug|Any CPU
		{651676A8-5541-414C-840D-052FDF8942CB}.Release|Any CPU.ActiveCfg = Release|Any CPU
		{651676A8-5541-414C-840D-052FDF8942CB}.Release|Any CPU.Build.0 = Release|Any CPU
		{D27649D0-F315-4C7B-BC50-FA6E558DA472}.Debug|Any CPU.ActiveCfg = Debug|Any CPU
		{D27649D0-F315-4C7B-BC50-FA6E558DA472}.Debug|Any CPU.Build.0 = Debug|Any CPU
		{D27649D0-F315-4C7B-BC50-FA6E558DA472}.Release|Any CPU.ActiveCfg = Release|Any CPU
		{D27649D0-F315-4C7B-BC50-FA6E558DA472}.Release|Any CPU.Build.0 = Release|Any CPU
		{FF24D00B-F8EE-4D18-BFDE-82FB9A4707B2}.Debug|Any CPU.ActiveCfg = Debug|Any CPU
		{FF24D00B-F8EE-4D18-BFDE-82FB9A4707B2}.Debug|Any CPU.Build.0 = Debug|Any CPU
		{FF24D00B-F8EE-4D18-BFDE-82FB9A4707B2}.Release|Any CPU.ActiveCfg = Release|Any CPU
		{FF24D00B-F8EE-4D18-BFDE-82FB9A4707B2}.Release|Any CPU.Build.0 = Release|Any CPU
		{B70F9D79-5F1C-401C-A3E5-E4D674E35623}.Debug|Any CPU.ActiveCfg = Debug|Any CPU
		{B70F9D79-5F1C-401C-A3E5-E4D674E35623}.Debug|Any CPU.Build.0 = Debug|Any CPU
		{B70F9D79-5F1C-401C-A3E5-E4D674E35623}.Release|Any CPU.ActiveCfg = Release|Any CPU
		{B70F9D79-5F1C-401C-A3E5-E4D674E35623}.Release|Any CPU.Build.0 = Release|Any CPU
		{4540A4C3-DCED-46C8-9F42-B3FCFF048A71}.Debug|Any CPU.ActiveCfg = Debug|Any CPU
		{4540A4C3-DCED-46C8-9F42-B3FCFF048A71}.Debug|Any CPU.Build.0 = Debug|Any CPU
		{4540A4C3-DCED-46C8-9F42-B3FCFF048A71}.Release|Any CPU.ActiveCfg = Release|Any CPU
		{4540A4C3-DCED-46C8-9F42-B3FCFF048A71}.Release|Any CPU.Build.0 = Release|Any CPU
		{0A92151B-A322-4537-8386-697BDF5FB6E6}.Debug|Any CPU.ActiveCfg = Debug|Any CPU
		{0A92151B-A322-4537-8386-697BDF5FB6E6}.Debug|Any CPU.Build.0 = Debug|Any CPU
		{0A92151B-A322-4537-8386-697BDF5FB6E6}.Release|Any CPU.ActiveCfg = Release|Any CPU
		{0A92151B-A322-4537-8386-697BDF5FB6E6}.Release|Any CPU.Build.0 = Release|Any CPU
		{6B170631-41DC-4F20-B2CD-24AE69CDCA9A}.Debug|Any CPU.ActiveCfg = Debug|Any CPU
		{6B170631-41DC-4F20-B2CD-24AE69CDCA9A}.Debug|Any CPU.Build.0 = Debug|Any CPU
		{6B170631-41DC-4F20-B2CD-24AE69CDCA9A}.Release|Any CPU.ActiveCfg = Release|Any CPU
		{6B170631-41DC-4F20-B2CD-24AE69CDCA9A}.Release|Any CPU.Build.0 = Release|Any CPU
		{5FEDE713-4278-4E20-9BBA-DCDEFEB8558A}.Debug|Any CPU.ActiveCfg = Debug|Any CPU
		{5FEDE713-4278-4E20-9BBA-DCDEFEB8558A}.Debug|Any CPU.Build.0 = Debug|Any CPU
		{5FEDE713-4278-4E20-9BBA-DCDEFEB8558A}.Release|Any CPU.ActiveCfg = Release|Any CPU
		{5FEDE713-4278-4E20-9BBA-DCDEFEB8558A}.Release|Any CPU.Build.0 = Release|Any CPU
		{A7427BD6-1FD7-4CFC-A1E3-75D76E6EC8ED}.Debug|Any CPU.ActiveCfg = Debug|Any CPU
		{A7427BD6-1FD7-4CFC-A1E3-75D76E6EC8ED}.Debug|Any CPU.Build.0 = Debug|Any CPU
		{A7427BD6-1FD7-4CFC-A1E3-75D76E6EC8ED}.Release|Any CPU.ActiveCfg = Release|Any CPU
		{A7427BD6-1FD7-4CFC-A1E3-75D76E6EC8ED}.Release|Any CPU.Build.0 = Release|Any CPU
		{2FD11F58-C0AE-4E94-9F04-09E2832B5A77}.Debug|Any CPU.ActiveCfg = Debug|Any CPU
		{2FD11F58-C0AE-4E94-9F04-09E2832B5A77}.Debug|Any CPU.Build.0 = Debug|Any CPU
		{2FD11F58-C0AE-4E94-9F04-09E2832B5A77}.Release|Any CPU.ActiveCfg = Release|Any CPU
		{2FD11F58-C0AE-4E94-9F04-09E2832B5A77}.Release|Any CPU.Build.0 = Release|Any CPU
		{5C02C56A-1CAC-4743-B26E-EFAA82A074E7}.Debug|Any CPU.ActiveCfg = Debug|Any CPU
		{5C02C56A-1CAC-4743-B26E-EFAA82A074E7}.Debug|Any CPU.Build.0 = Debug|Any CPU
		{5C02C56A-1CAC-4743-B26E-EFAA82A074E7}.Release|Any CPU.ActiveCfg = Release|Any CPU
		{5C02C56A-1CAC-4743-B26E-EFAA82A074E7}.Release|Any CPU.Build.0 = Release|Any CPU
	EndGlobalSection
EndGlobal
